{
  "name": "foundation-emails-template",
  "version": "1.0.0",
  "lockfileVersion": 1,
  "requires": true,
  "dependencies": {
    "foundation-emails": {
      "version": "2.2.1",
      "resolved": "https://registry.npmjs.org/foundation-emails/-/foundation-emails-2.2.1.tgz",
      "integrity": "sha1-HzRCdiOV0GPVpi15B0CyQzqrF0c="
    }
  }
}
